hash: a4f779dc0a019e1dcb192f40c0590d45a2e7836a2c0ca9e23f02b70a92a740da
updated: 2017-07-13T17:29:40.960389715+08:00
imports:
- name: github.com/andybalholm/cascadia
  version: 349dd0209470eabd9514242c688c403c0926d266
- name: github.com/BurntSushi/toml
  version: a368813c5e648fee92e5f6c30e3944ff9d5e8895
- name: github.com/davecgh/go-spew
  version: 346938d642f2ec3594ed81d874461961cd0faa76
  subpackages:
  - spew
- name: github.com/fatih/camelcase
  version: f6a740d52f961c60348ebb109adde9f4635d7540
- name: github.com/fatih/structs
  version: 7e5a8eef611ee84dd359503f3969f80df4c50723
- name: github.com/go-redis/redis
  version: da63fe7def48e378caf9539abf64b9b1e37bc01e
  subpackages:
  - internal
  - internal/consistenthash
  - internal/hashtag
  - internal/pool
  - internal/proto
- name: github.com/gorilla/mux
  version: bcd8bc72b08df0f70df986b97f95590779502d31
- name: github.com/jaytaylor/html2text
  version: 7c7a33a7a158a5ce395c803d2b6a209b2bbc14c8
- name: github.com/jcelliott/lumber
  version: dd349441af25132d146d7095c6693a15431fc9b1
- name: github.com/koding/multiconfig
  version: 7ab5923ac43fc173d0c21e5e91da559469fa04f8
- name: github.com/LSvKing/cron
  version: 57ac9950da80b6e2c12df9042429278cf8c729eb
- name: github.com/nanobox-io/golang-scribble
  version: da3a159a462297745592fd615d4bcebec94b54c6
- name: github.com/PuerkitoBio/goquery
  version: e1271ee34c6a305e38566ecd27ae374944907ee9
- name: github.com/sirupsen/logrus
  version: 1fe8319fcaef78ef9220c9b05178df0f871dbc5d
- name: github.com/weekface/mgorus
  version: 83720e22971a8301c5b2738c9364accd3d9eb13a
- name: golang.org/x/net
  version: f01ecb60fe3835d80d9a0b7b2bf24b228c89260e
  subpackages:
  - context
  - html
  - html/atom
- name: golang.org/x/sys
  version: abf9c25f54453410d0c6668e519582a9e1115027
  subpackages:
  - unix
- name: golang.org/x/time
  version: 8be79e1e0910c292df4e79c241bb7e8f7e725959
  subpackages:
  - rate
- name: gopkg.in/mgo.v2
  version: 3f83fa5005286a7fe593b055f0d7771a7dce4655
  subpackages:
  - bson
  - internal/json
  - internal/sasl
  - internal/scram
- name: gopkg.in/yaml.v2
  version: 1be3d31502d6eabc0dd7ce5b0daab022e14a5538
- name: upper.io/db.v3
  version: 03fd6b08517b0d6a70d5a22e26ea8760d7a43085
  subpackages:
  - internal/immutable
  - mongo
testImports: []
